
Microsoft Visual Studio Solution File, Format Version 12.00
# Visual Studio Version 16
VisualStudioVersion = 16.0.32602.291
MinimumVisualStudioVersion = 10.0.40219.1
Project("{FAE04EC0-301F-11D3-BF4B-00C04F79EFBC}") = "CSharp_08", "CSharp_08\CSharp_08.csproj", "{15186814-0B03-4306-85F3-85FF6D0AB8DB}"
EndProject
Global
	GlobalSection(SolutionConfigurationPlatforms) = preSolution
		Debug|Any CPU = Debug|Any CPU
		Release|Any CPU = Release|Any CPU
	EndGlobalSection
	GlobalSection(ProjectConfigurationPlatforms) = postSolution
		{15186814-0B03-4306-85F3-85FF6D0AB8DB}.Debug|Any CPU.ActiveCfg = Debug|Any CPU
		{15186814-0B03-4306-85F3-85FF6D0AB8DB}.Debug|Any CPU.Build.0 = Debug|Any CPU
		{15186814-0B03-4306-85F3-85FF6D0AB8DB}.Release|Any CPU.ActiveCfg = Release|Any CPU
		{15186814-0B03-4306-85F3-85FF6D0AB8DB}.Release|Any CPU.Build.0 = Release|Any CPU
	EndGlobalSection
	GlobalSection(SolutionProperties) = preSolution
		HideSolutionNode = FALSE
	EndGlobalSection
	GlobalSection(ExtensibilityGlobals) = postSolution
		SolutionGuid = {2D3038D4-372B-4452-9EC6-1DD72F2B4C27}
	EndGlobalSection
EndGlobal
