
Microsoft Visual Studio Solution File, Format Version 12.00
# Visual Studio Version 16
VisualStudioVersion = 16.0.32602.291
MinimumVisualStudioVersion = 10.0.40219.1
Project("{FAE04EC0-301F-11D3-BF4B-00C04F79EFBC}") = "CSharp_worktable", "CSharp_worktable\CSharp_worktable.csproj", "{7A9513C7-E003-4EDF-A962-B41ABF386C5D}"
EndProject
Project("{FAE04EC0-301F-11D3-BF4B-00C04F79EFBC}") = "WindowsFormsApp1", "..\CSharp_01\WindowsFormsApp1\WindowsFormsApp1.csproj", "{A9E12A71-0CA4-4BF3-959D-78A68D164FAE}"
EndProject
Project("{FAE04EC0-301F-11D3-BF4B-00C04F79EFBC}") = "CSharp_02", "..\CSharp_02\CSharp_02\CSharp_02.csproj", "{FE481462-154C-4FD4-9179-5A4A85D4DD71}"
EndProject
Project("{FAE04EC0-301F-11D3-BF4B-00C04F79EFBC}") = "CSharp_03", "..\CSharp_03\CSharp_03\CSharp_03.csproj", "{2E96F9BC-467A-480B-82CC-53E3BFF4A896}"
EndProject
Project("{FAE04EC0-301F-11D3-BF4B-00C04F79EFBC}") = "CSHarp_04", "..\CSHarp_04\CSHarp_04\CSHarp_04.csproj", "{856C1A1D-5A54-4C2E-BB90-6E1B93D0F62D}"
EndProject
Project("{FAE04EC0-301F-11D3-BF4B-00C04F79EFBC}") = "CSharp_05", "..\CSharp_05\CSharp_05\CSharp_05.csproj", "{204B2203-B19A-4757-A391-5B8A7F61770A}"
EndProject
Project("{FAE04EC0-301F-11D3-BF4B-00C04F79EFBC}") = "CSharp_08", "..\CSharp_08\CSharp_08\CSharp_08.csproj", "{15186814-0B03-4306-85F3-85FF6D0AB8DB}"
EndProject
Project("{FAE04EC0-301F-11D3-BF4B-00C04F79EFBC}") = "CSharp_01", "..\CSharp_01\CSharp_01.csproj", "{4AA93406-F677-40A9-8070-BAF6E7F652ED}"
EndProject
Global
	GlobalSection(SolutionConfigurationPlatforms) = preSolution
		Debug|Any CPU = Debug|Any CPU
		Release|Any CPU = Release|Any CPU
	EndGlobalSection
	GlobalSection(ProjectConfigurationPlatforms) = postSolution
		{7A9513C7-E003-4EDF-A962-B41ABF386C5D}.Debug|Any CPU.ActiveCfg = Debug|Any CPU
		{7A9513C7-E003-4EDF-A962-B41ABF386C5D}.Debug|Any CPU.Build.0 = Debug|Any CPU
		{7A9513C7-E003-4EDF-A962-B41ABF386C5D}.Release|Any CPU.ActiveCfg = Release|Any CPU
		{7A9513C7-E003-4EDF-A962-B41ABF386C5D}.Release|Any CPU.Build.0 = Release|Any CPU
		{A9E12A71-0CA4-4BF3-959D-78A68D164FAE}.Debug|Any CPU.ActiveCfg = Debug|Any CPU
		{A9E12A71-0CA4-4BF3-959D-78A68D164FAE}.Debug|Any CPU.Build.0 = Debug|Any CPU
		{A9E12A71-0CA4-4BF3-959D-78A68D164FAE}.Release|Any CPU.ActiveCfg = Release|Any CPU
		{A9E12A71-0CA4-4BF3-959D-78A68D164FAE}.Release|Any CPU.Build.0 = Release|Any CPU
		{FE481462-154C-4FD4-9179-5A4A85D4DD71}.Debug|Any CPU.ActiveCfg = Debug|Any CPU
		{FE481462-154C-4FD4-9179-5A4A85D4DD71}.Debug|Any CPU.Build.0 = Debug|Any CPU
		{FE481462-154C-4FD4-9179-5A4A85D4DD71}.Release|Any CPU.ActiveCfg = Release|Any CPU
		{FE481462-154C-4FD4-9179-5A4A85D4DD71}.Release|Any CPU.Build.0 = Release|Any CPU
		{2E96F9BC-467A-480B-82CC-53E3BFF4A896}.Debug|Any CPU.ActiveCfg = Debug|Any CPU
		{2E96F9BC-467A-480B-82CC-53E3BFF4A896}.Debug|Any CPU.Build.0 = Debug|Any CPU
		{2E96F9BC-467A-480B-82CC-53E3BFF4A896}.Release|Any CPU.ActiveCfg = Release|Any CPU
		{2E96F9BC-467A-480B-82CC-53E3BFF4A896}.Release|Any CPU.Build.0 = Release|Any CPU
		{856C1A1D-5A54-4C2E-BB90-6E1B93D0F62D}.Debug|Any CPU.ActiveCfg = Debug|Any CPU
		{856C1A1D-5A54-4C2E-BB90-6E1B93D0F62D}.Debug|Any CPU.Build.0 = Debug|Any CPU
		{856C1A1D-5A54-4C2E-BB90-6E1B93D0F62D}.Release|Any CPU.ActiveCfg = Release|Any CPU
		{856C1A1D-5A54-4C2E-BB90-6E1B93D0F62D}.Release|Any CPU.Build.0 = Release|Any CPU
		{204B2203-B19A-4757-A391-5B8A7F61770A}.Debug|Any CPU.ActiveCfg = Debug|Any CPU
		{204B2203-B19A-4757-A391-5B8A7F61770A}.Debug|Any CPU.Build.0 = Debug|Any CPU
		{204B2203-B19A-4757-A391-5B8A7F61770A}.Release|Any CPU.ActiveCfg = Release|Any CPU
		{204B2203-B19A-4757-A391-5B8A7F61770A}.Release|Any CPU.Build.0 = Release|Any CPU
		{15186814-0B03-4306-85F3-85FF6D0AB8DB}.Debug|Any CPU.ActiveCfg = Debug|Any CPU
		{15186814-0B03-4306-85F3-85FF6D0AB8DB}.Debug|Any CPU.Build.0 = Debug|Any CPU
		{15186814-0B03-4306-85F3-85FF6D0AB8DB}.Release|Any CPU.ActiveCfg = Release|Any CPU
		{15186814-0B03-4306-85F3-85FF6D0AB8DB}.Release|Any CPU.Build.0 = Release|Any CPU
		{4AA93406-F677-40A9-8070-BAF6E7F652ED}.Debug|Any CPU.ActiveCfg = Debug|Any CPU
		{4AA93406-F677-40A9-8070-BAF6E7F652ED}.Debug|Any CPU.Build.0 = Debug|Any CPU
		{4AA93406-F677-40A9-8070-BAF6E7F652ED}.Release|Any CPU.ActiveCfg = Release|Any CPU
		{4AA93406-F677-40A9-8070-BAF6E7F652ED}.Release|Any CPU.Build.0 = Release|Any CPU
	EndGlobalSection
	GlobalSection(SolutionProperties) = preSolution
		HideSolutionNode = FALSE
	EndGlobalSection
	GlobalSection(ExtensibilityGlobals) = postSolution
		SolutionGuid = {CAD06D33-CFFD-485F-AA74-567370B3DC7C}
	EndGlobalSection
EndGlobal
