
Microsoft Visual Studio Solution File, Format Version 12.00
# Visual Studio Version 16
VisualStudioVersion = 16.0.32602.291
MinimumVisualStudioVersion = 10.0.40219.1
Project("{FAE04EC0-301F-11D3-BF4B-00C04F79EFBC}") = "CSharp_03", "CSharp_03\CSharp_03.csproj", "{2E96F9BC-467A-480B-82CC-53E3BFF4A896}"
EndProject
Global
	GlobalSection(SolutionConfigurationPlatforms) = preSolution
		Debug|Any CPU = Debug|Any CPU
		Release|Any CPU = Release|Any CPU
	EndGlobalSection
	GlobalSection(ProjectConfigurationPlatforms) = postSolution
		{2E96F9BC-467A-480B-82CC-53E3BFF4A896}.Debug|Any CPU.ActiveCfg = Debug|Any CPU
		{2E96F9BC-467A-480B-82CC-53E3BFF4A896}.Debug|Any CPU.Build.0 = Debug|Any CPU
		{2E96F9BC-467A-480B-82CC-53E3BFF4A896}.Release|Any CPU.ActiveCfg = Release|Any CPU
		{2E96F9BC-467A-480B-82CC-53E3BFF4A896}.Release|Any CPU.Build.0 = Release|Any CPU
	EndGlobalSection
	GlobalSection(SolutionProperties) = preSolution
		HideSolutionNode = FALSE
	EndGlobalSection
	GlobalSection(ExtensibilityGlobals) = postSolution
		SolutionGuid = {CFFBC504-85B1-4D6C-A7DF-AE8EB3DF5A8C}
	EndGlobalSection
EndGlobal
